Microsoft Visual Studio Solution File, Format Version 12.00
# Visual Studio 15
VisualStudioVersion = 15.0.27428.2015
MinimumVisualStudioVersion = 10.0.40219.1
Project("{9A19103F-16F7-4668-BE54-9A1E7A4F7556}") = "PicrossSolverCmd", "PicrossSolverCmd\PicrossSolverCmd.csproj", "{8DA8EA26-9138-4388-BA12-01FE4D0468C7}"
EndProject
Project("{9A19103F-16F7-4668-BE54-9A1E7A4F7556}") = "PicrossSolverLibrary", "PicrossSolverLibrary\PicrossSolverLibrary.csproj", "{BC8E49F0-0353-4BA6-8512-BFAF69C09471}"
EndProject
Project("{FAE04EC0-301F-11D3-BF4B-00C04F79EFBC}") = "PicrossSolverWPF", "PicrossSolverWPF\PicrossSolverWPF.csproj", "{4436599B-F7D8-4158-85C5-3AAAE964C05B}"
EndProject
Project("{9A19103F-16F7-4668-BE54-9A1E7A4F7556}") = "PicrossSolverLibrary.Tests", "PicrossSolverLibrary.Tests\PicrossSolverLibrary.Tests.csproj", "{913FC848-8B8B-4505-80DE-8D01D31601D4}"
EndProject
Global
	GlobalSection(SolutionConfigurationPlatforms) = preSolution
		Debug|Any CPU = Debug|Any CPU
		Debug|x64 = Debug|x64
		Debug|x86 = Debug|x86
		Release|Any CPU = Release|Any CPU
		Release|x64 = Release|x64
		Release|x86 = Release|x86
	EndGlobalSection
	GlobalSection(ProjectConfigurationPlatforms) = postSolution
		{8DA8EA26-9138-4388-BA12-01FE4D0468C7}.Debug|Any CPU.ActiveCfg = Debug|Any CPU
		{8DA8EA26-9138-4388-BA12-01FE4D0468C7}.Debug|Any CPU.Build.0 = Debug|Any CPU
		{8DA8EA26-9138-4388-BA12-01FE4D0468C7}.Debug|x64.ActiveCfg = Debug|Any CPU
		{8DA8EA26-9138-4388-BA12-01FE4D0468C7}.Debug|x64.Build.0 = Debug|Any CPU
		{8DA8EA26-9138-4388-BA12-01FE4D0468C7}.Debug|x86.ActiveCfg = Debug|Any CPU
		{8DA8EA26-9138-4388-BA12-01FE4D0468C7}.Debug|x86.Build.0 = Debug|Any CPU
		{8DA8EA26-9138-4388-BA12-01FE4D0468C7}.Release|Any CPU.ActiveCfg = Release|Any CPU
		{8DA8EA26-9138-4388-BA12-01FE4D0468C7}.Release|Any CPU.Build.0 = Release|Any CPU
		{8DA8EA26-9138-4388-BA12-01FE4D0468C7}.Release|x64.ActiveCfg = Release|Any CPU
		{8DA8EA26-9138-4388-BA12-01FE4D0468C7}.Release|x64.Build.0 = Release|Any CPU
		{8DA8EA26-9138-4388-BA12-01FE4D0468C7}.Release|x86.ActiveCfg = Release|Any CPU
		{8DA8EA26-9138-4388-BA12-01FE4D0468C7}.Release|x86.Build.0 = Release|Any CPU
		{BC8E49F0-0353-4BA6-8512-BFAF69C09471}.Debug|Any CPU.ActiveCfg = Debug|Any CPU
		{BC8E49F0-0353-4BA6-8512-BFAF69C09471}.Debug|Any CPU.Build.0 = Debug|Any CPU
		{BC8E49F0-0353-4BA6-8512-BFAF69C09471}.Debug|x64.ActiveCfg = Debug|Any CPU
		{BC8E49F0-0353-4BA6-8512-BFAF69C09471}.Debug|x64.Build.0 = Debug|Any CPU
		{BC8E49F0-0353-4BA6-8512-BFAF69C09471}.Debug|x86.ActiveCfg = Debug|Any CPU
		{BC8E49F0-0353-4BA6-8512-BFAF69C09471}.Debug|x86.Build.0 = Debug|Any CPU
		{BC8E49F0-0353-4BA6-8512-BFAF69C09471}.Release|Any CPU.ActiveCfg = Release|Any CPU
		{BC8E49F0-0353-4BA6-8512-BFAF69C09471}.Release|Any CPU.Build.0 = Release|Any CPU
		{BC8E49F0-0353-4BA6-8512-BFAF69C09471}.Release|x64.ActiveCfg = Release|Any CPU
		{BC8E49F0-0353-4BA6-8512-BFAF69C09471}.Release|x64.Build.0 = Release|Any CPU
		{BC8E49F0-0353-4BA6-8512-BFAF69C09471}.Release|x86.ActiveCfg = Release|Any CPU
		{BC8E49F0-0353-4BA6-8512-BFAF69C09471}.Release|x86.Build.0 = Release|Any CPU
		{4436599B-F7D8-4158-85C5-3AAAE964C05B}.Debug|Any CPU.ActiveCfg = Debug|Any CPU
		{4436599B-F7D8-4158-85C5-3AAAE964C05B}.Debug|Any CPU.Build.0 = Debug|Any CPU
		{4436599B-F7D8-4158-85C5-3AAAE964C05B}.Debug|x64.ActiveCfg = Debug|Any CPU
		{4436599B-F7D8-4158-85C5-3AAAE964C05B}.Debug|x64.Build.0 = Debug|Any CPU
		{4436599B-F7D8-4158-85C5-3AAAE964C05B}.Debug|x86.ActiveCfg = Debug|Any CPU
		{4436599B-F7D8-4158-85C5-3AAAE964C05B}.Debug|x86.Build.0 = Debug|Any CPU
		{4436599B-F7D8-4158-85C5-3AAAE964C05B}.Release|Any CPU.ActiveCfg = Release|Any CPU
		{4436599B-F7D8-4158-85C5-3AAAE964C05B}.Release|Any CPU.Build.0 = Release|Any CPU
		{4436599B-F7D8-4158-85C5-3AAAE964C05B}.Release|x64.ActiveCfg = Release|Any CPU
		{4436599B-F7D8-4158-85C5-3AAAE964C05B}.Release|x64.Build.0 = Release|Any CPU
		{4436599B-F7D8-4158-85C5-3AAAE964C05B}.Release|x86.ActiveCfg = Release|Any CPU
		{4436599B-F7D8-4158-85C5-3AAAE964C05B}.Release|x86.Build.0 = Release|Any CPU
		{913FC848-8B8B-4505-80DE-8D01D31601D4}.Debug|Any CPU.ActiveCfg = Debug|Any CPU
		{913FC848-8B8B-4505-80DE-8D01D31601D4}.Debug|Any CPU.Build.0 = Debug|Any CPU
		{913FC848-8B8B-4505-80DE-8D01D31601D4}.Debug|x64.ActiveCfg = Debug|Any CPU
		{913FC848-8B8B-4505-80DE-8D01D31601D4}.Debug|x64.Build.0 = Debug|Any CPU
		{913FC848-8B8B-4505-80DE-8D01D31601D4}.Debug|x86.ActiveCfg = Debug|Any CPU
		{913FC848-8B8B-4505-80DE-8D01D31601D4}.Debug|x86.Build.0 = Debug|Any CPU
		{913FC848-8B8B-4505-80DE-8D01D31601D4}.Release|Any CPU.ActiveCfg = Release|Any CPU
		{913FC848-8B8B-4505-80DE-8D01D31601D4}.Release|Any CPU.Build.0 = Release|Any CPU
		{913FC848-8B8B-4505-80DE-8D01D31601D4}.Release|x64.ActiveCfg = Release|Any CPU
		{913FC848-8B8B-4505-80DE-8D01D31601D4}.Release|x64.Build.0 = Release|Any CPU
		{913FC848-8B8B-4505-80DE-8D01D31601D4}.Release|x86.ActiveCfg = Release|Any CPU
		{913FC848-8B8B-4505-80DE-8D01D31601D4}.Release|x86.Build.0 = Release|Any CPU
	EndGlobalSection
	GlobalSection(SolutionProperties) = preSolution
		HideSolutionNode = FALSE
	EndGlobalSection
	GlobalSection(ExtensibilityGlobals) = postSolution
		SolutionGuid = {ED0A1533-FFD1-4712-89BC-F9E8BC073932}
	EndGlobalSection
EndGlobal
