
Microsoft Visual Studio Solution File, Format Version 12.00
# Visual Studio 15
VisualStudioVersion = 15.0.27428.2015
MinimumVisualStudioVersion = 10.0.40219.1
Project("{9A19103F-16F7-4668-BE54-9A1E7A4F7556}") = "PicrossSolverCmd", "PicrossSolverCmd\PicrossSolverCmd.csproj", "{8DA8EA26-9138-4388-BA12-01FE4D0468C7}"
EndProject
Project("{FAE04EC0-301F-11D3-BF4B-00C04F79EFBC}") = "PicrossSolverLibrary", "PicrossSolverLibrary\PicrossSolverLibrary.csproj", "{BC8E49F0-0353-4BA6-8512-BFAF69C09471}"
EndProject
Global
	GlobalSection(SolutionConfigurationPlatforms) = preSolution
		Debug|Any CPU = Debug|Any CPU
		Release|Any CPU = Release|Any CPU
	EndGlobalSection
	GlobalSection(ProjectConfigurationPlatforms) = postSolution
		{8DA8EA26-9138-4388-BA12-01FE4D0468C7}.Debug|Any CPU.ActiveCfg = Debug|Any CPU
		{8DA8EA26-9138-4388-BA12-01FE4D0468C7}.Debug|Any CPU.Build.0 = Debug|Any CPU
		{8DA8EA26-9138-4388-BA12-01FE4D0468C7}.Release|Any CPU.ActiveCfg = Release|Any CPU
		{8DA8EA26-9138-4388-BA12-01FE4D0468C7}.Release|Any CPU.Build.0 = Release|Any CPU
		{BC8E49F0-0353-4BA6-8512-BFAF69C09471}.Debug|Any CPU.ActiveCfg = Debug|Any CPU
		{BC8E49F0-0353-4BA6-8512-BFAF69C09471}.Debug|Any CPU.Build.0 = Debug|Any CPU
		{BC8E49F0-0353-4BA6-8512-BFAF69C09471}.Release|Any CPU.ActiveCfg = Release|Any CPU
		{BC8E49F0-0353-4BA6-8512-BFAF69C09471}.Release|Any CPU.Build.0 = Release|Any CPU
	EndGlobalSection
	GlobalSection(SolutionProperties) = preSolution
		HideSolutionNode = FALSE
	EndGlobalSection
	GlobalSection(ExtensibilityGlobals) = postSolution
		SolutionGuid = {ED0A1533-FFD1-4712-89BC-F9E8BC073932}
	EndGlobalSection
EndGlobal
